lockfileVersion: '9.0'

settings:
  autoInstallPeers: true
  excludeLinksFromLockfile: false

importers:

  .:
    dependencies:
      '@vercel/analytics':
        specifier: ^2.0.1
        version: 2.0.1(next@14.2.3(@opentelemetry/api@1.9.1)(react-dom@18.3.1(react@18.3.1))(react@18.3.1))(react@18.3.1)
      '@vercel/speed-insights':
        specifier: ^2.0.0
        version: 2.0.0(next@14.2.3(@opentelemetry/api@1.9.1)(react-dom@18.3.1(react@18.3.1))(react@18.3.1))(react@18.3.1)
      better-auth:
        specifier: ^1.6.2
        version: 1.6.2(@opentelemetry/api@1.9.1)(next@14.2.3(@opentelemetry/api@1.9.1)(react-dom@18.3.1(react@18.3.1))(react@18.3.1))(pg@8.20.0)(react-dom@18.3.1(react@18.3.1))(react@18.3.1)
      lucide-react:
        specifier: ^1.8.0
        version: 1.8.0(react@18.3.1)
      next:
        specifier: 14.2.3
        version: 14.2.3(@opentelemetry/api@1.9.1)(react-dom@18.3.1(react@18.3.1))(react@18.3.1)
      pg:
        specifier: ^8.20.0
        version: 8.20.0
      react:
        specifier: ^18
        version: 18.3.1
      react-dom:
        specifier: ^18
        version: 18.3.1(react@18.3.1)
      zustand:
        specifier: ^4.5.2
        version: 4.5.7(@types/react@18.3.28)(react@18.3.1)
    devDependencies:
      '@types/node':
        specifier: ^20.19.39
        version: 20.19.39
      '@types/pg':
        specifier: ^8.20.0
        version: 8.20.0
      '@types/react':
        specifier: ^18.3.28
        version: 18.3.28
      '@types/react-dom':
        specifier: ^18.3.0
        version: 18.3.7(@types/react@18.3.28)
      typescript:
        specifier: ^5.9.3
        version: 5.9.3

packages:

  '@better-auth/core@1.6.2':
    resolution: {integrity: sha512-nBftDp+eN1fwXor1O4KQorCXa0tJNDgpab7O1z4NcWUU+3faDpdzqLn5mbXZer2E8ZD4VhjqOfYZ041xnBF5NA==}
    peerDependencies:
      '@better-auth/utils': 0.4.0
      '@better-fetch/fetch': 1.1.21
      '@cloudflare/workers-types': '>=4'
      '@opentelemetry/api': ^1.9.0
      better-call: 1.3.5
      jose: ^6.1.0
      kysely: ^0.28.5
      nanostores: ^1.0.1
    peerDependenciesMeta:
      '@cloudflare/workers-types':
        optional: true

  '@better-auth/drizzle-adapter@1.6.2':
    resolution: {integrity: sha512-KawrNNuhgmpcc5PgLs6HesMckxCscz5J+BQ99iRmU1cLzG/A87IcydrmYtep+K8WHPN0HmZ/i4z/nOBCtxE2qA==}
    peerDependencies:
      '@better-auth/core': ^1.6.2
      '@better-auth/utils': 0.4.0
      drizzle-orm: '>=0.41.0'
    peerDependenciesMeta:
      drizzle-orm:
        optional: true

  '@better-auth/kysely-adapter@1.6.2':
    resolution: {integrity: sha512-YMMm75jek/MNCAFWTAaq/U3VPmFnrwZW4NhBjjAwruHQJEIrSZZaOaUEXuUpFRRBhWqg7OOltQcHMwU/45CkuA==}
    peerDependencies:
      '@better-auth/core': ^1.6.2
      '@better-auth/utils': 0.4.0
      kysely: ^0.27.0 || ^0.28.0
    peerDependenciesMeta:
      kysely:
        optional: true

  '@better-auth/memory-adapter@1.6.2':
    resolution: {integrity: sha512-QvuK5m7NFgkzLPHyab+NORu3J683nj36Tix58qq6DPcniyY6KZk5gY2yyh4+z1wgSjrxwY5NFx/DC2qz8B8NJg==}
    peerDependencies:
      '@better-auth/core': ^1.6.2
      '@better-auth/utils': 0.4.0

  '@better-auth/mongo-adapter@1.6.2':
    resolution: {integrity: sha512-IvR2Q+1pjzxA4JXI3ED76+6fsqervIpZ2K5MxoX/+miLQhLEmNcbqqcItg4O2kfkxN8h33/ev57sjTW8QH9Tuw==}
    peerDependencies:
      '@better-auth/core': ^1.6.2
      '@better-auth/utils': 0.4.0
      mongodb: ^6.0.0 || ^7.0.0
    peerDependenciesMeta:
      mongodb:
        optional: true

  '@better-auth/prisma-adapter@1.6.2':
    resolution: {integrity: sha512-bQkXYTo1zPau+xAiMpo1yCjEDSy7i7oeYlkYO+fSfRDCo52DE/9oPOOuI+EStmFkPUNSk9L2rhk8Fulifi8WCg==}
    peerDependencies:
      '@better-auth/core': ^1.6.2
      '@better-auth/utils': 0.4.0
      '@prisma/client': ^5.0.0 || ^6.0.0 || ^7.0.0
      prisma: ^5.0.0 || ^6.0.0 || ^7.0.0
    peerDependenciesMeta:
      '@prisma/client':
        optional: true
      prisma:
        optional: true

  '@better-auth/telemetry@1.6.2':
    resolution: {integrity: sha512-o4gHKXqizUxVUUYChZZTowLEzdsz3ViBE/fKFzfHqNFUnF+aVt8QsbLSfipq1WpTIXyJVT/SnH0hgSdWxdssbQ==}
    peerDependencies:
      '@better-auth/core': ^1.6.2
      '@better-auth/utils': 0.4.0
      '@better-fetch/fetch': 1.1.21

  '@better-auth/utils@0.4.0':
    resolution: {integrity: sha512-RpMtLUIQAEWMgdPLNVbIF5ON2mm+CH0U3rCdUCU1VyeAUui4m38DyK7/aXMLZov2YDjG684pS1D0MBllrmgjQA==}

  '@better-fetch/fetch@1.1.21':
    resolution: {integrity: sha512-/ImESw0sskqlVR94jB+5+Pxjf+xBwDZF/N5+y2/q4EqD7IARUTSpPfIo8uf39SYpCxyOCtbyYpUrZ3F/k0zT4A==}

  '@next/env@14.2.3':
    resolution: {integrity: sha512-W7fd7IbkfmeeY2gXrzJYDx8D2lWKbVoTIj1o1ScPHNzvp30s1AuoEFSdr39bC5sjxJaxTtq3OTCZboNp0lNWHA==}

  '@next/swc-darwin-arm64@14.2.3':
    resolution: {integrity: sha512-3pEYo/RaGqPP0YzwnlmPN2puaF2WMLM3apt5jLW2fFdXD9+pqcoTzRk+iZsf8ta7+quAe4Q6Ms0nR0SFGFdS1A==}
    engines: {node: '>= 10'}
    cpu: [arm64]
    os: [darwin]

  '@next/swc-darwin-x64@14.2.3':
    resolution: {integrity: sha512-6adp7waE6P1TYFSXpY366xwsOnEXM+y1kgRpjSRVI2CBDOcbRjsJ67Z6EgKIqWIue52d2q/Mx8g9MszARj8IEA==}
    engines: {node: '>= 10'}
    cpu: [x64]
    os: [darwin]

  '@next/swc-linux-arm64-gnu@14.2.3':
    resolution: {integrity: sha512-cuzCE/1G0ZSnTAHJPUT1rPgQx1w5tzSX7POXSLaS7w2nIUJUD+e25QoXD/hMfxbsT9rslEXugWypJMILBj/QsA==}
    engines: {node: '>= 10'}
    cpu: [arm64]
    os: [linux]

  '@next/swc-linux-arm64-musl@14.2.3':
    resolution: {integrity: sha512-0D4/oMM2Y9Ta3nGuCcQN8jjJjmDPYpHX9OJzqk42NZGJocU2MqhBq5tWkJrUQOQY9N+In9xOdymzapM09GeiZw==}
    engines: {node: '>= 10'}
    cpu: [arm64]
    os: [linux]

  '@next/swc-linux-x64-gnu@14.2.3':
    resolution: {integrity: sha512-ENPiNnBNDInBLyUU5ii8PMQh+4XLr4pG51tOp6aJ9xqFQ2iRI6IH0Ds2yJkAzNV1CfyagcyzPfROMViS2wOZ9w==}
    engines: {node: '>= 10'}
    cpu: [x64]
    os: [linux]

  '@next/swc-linux-x64-musl@14.2.3':
    resolution: {integrity: sha512-BTAbq0LnCbF5MtoM7I/9UeUu/8ZBY0i8SFjUMCbPDOLv+un67e2JgyN4pmgfXBwy/I+RHu8q+k+MCkDN6P9ViQ==}
    engines: {node: '>= 10'}
    cpu: [x64]
    os: [linux]

  '@next/swc-win32-arm64-msvc@14.2.3':
    resolution: {integrity: sha512-AEHIw/dhAMLNFJFJIJIyOFDzrzI5bAjI9J26gbO5xhAKHYTZ9Or04BesFPXiAYXDNdrwTP2dQceYA4dL1geu8A==}
    engines: {node: '>= 10'}
    cpu: [arm64]
    os: [win32]

  '@next/swc-win32-ia32-msvc@14.2.3':
    resolution: {integrity: sha512-vga40n1q6aYb0CLrM+eEmisfKCR45ixQYXuBXxOOmmoV8sYST9k7E3US32FsY+CkkF7NtzdcebiFT4CHuMSyZw==}
    engines: {node: '>= 10'}
    cpu: [ia32]
    os: [win32]

  '@next/swc-win32-x64-msvc@14.2.3':
    resolution: {integrity: sha512-Q1/zm43RWynxrO7lW4ehciQVj+5ePBhOK+/K2P7pLFX3JaJ/IZVC69SHidrmZSOkqz7ECIOhhy7XhAFG4JYyHA==}
    engines: {node: '>= 10'}
    cpu: [x64]
    os: [win32]

  '@noble/ciphers@2.1.1':
    resolution: {integrity: sha512-bysYuiVfhxNJuldNXlFEitTVdNnYUc+XNJZd7Qm2a5j1vZHgY+fazadNFWFaMK/2vye0JVlxV3gHmC0WDfAOQw==}
    engines: {node: '>= 20.19.0'}

  '@noble/hashes@2.0.1':
    resolution: {integrity: sha512-XlOlEbQcE9fmuXxrVTXCTlG2nlRXa9Rj3rr5Ue/+tX+nmkgbX720YHh0VR3hBF9xDvwnb8D2shVGOwNx+ulArw==}
    engines: {node: '>= 20.19.0'}

  '@opentelemetry/api@1.9.1':
    resolution: {integrity: sha512-gLyJlPHPZYdAk1JENA9LeHejZe1Ti77/pTeFm/nMXmQH/HFZlcS/O2XJB+L8fkbrNSqhdtlvjBVjxwUYanNH5Q==}
    engines: {node: '>=8.0.0'}

  '@opentelemetry/semantic-conventions@1.40.0':
    resolution: {integrity: sha512-cifvXDhcqMwwTlTK04GBNeIe7yyo28Mfby85QXFe1Yk8nmi36Ab/5UQwptOx84SsoGNRg+EVSjwzfSZMy6pmlw==}
    engines: {node: '>=14'}

  '@standard-schema/spec@1.1.0':
    resolution: {integrity: sha512-l2aFy5jALhniG5HgqrD6jXLi/rUWrKvqN/qJx6yoJsgKhblVd+iqqU4RCXavm/jPityDo5TCvKMnpjKnOriy0w==}

  '@swc/counter@0.1.3':
    resolution: {integrity: sha512-e2BR4lsJkkRlKZ/qCHPw9ZaSxc0MVUd7gtbtaB7aMvHeJVYe8sOB8DBZkP2DtISHGSku9sCK6T6cnY0CtXrOCQ==}

  '@swc/helpers@0.5.5':
    resolution: {integrity: sha512-KGYxvIOXcceOAbEk4bi/dVLEK9z8sZ0uBB3Il5b1rhfClSpcX0yfRO0KmTkqR2cnQDymwLB+25ZyMzICg/cm/A==}

  '@types/node@20.19.39':
    resolution: {integrity: sha512-orrrD74MBUyK8jOAD/r0+lfa1I2MO6I+vAkmAWzMYbCcgrN4lCrmK52gRFQq/JRxfYPfonkr4b0jcY7Olqdqbw==}

  '@types/pg@8.20.0':
    resolution: {integrity: sha512-bEPFOaMAHTEP1EzpvHTbmwR8UsFyHSKsRisLIHVMXnpNefSbGA1bD6CVy+qKjGSqmZqNqBDV2azOBo8TgkcVow==}

  '@types/prop-types@15.7.15':
    resolution: {integrity: sha512-F6bEyamV9jKGAFBEmlQnesRPGOQqS2+Uwi0Em15xenOxHaf2hv6L8YCVn3rPdPJOiJfPiCnLIRyvwVaqMY3MIw==}

  '@types/react-dom@18.3.7':
    resolution: {integrity: sha512-MEe3UeoENYVFXzoXEWsvcpg6ZvlrFNlOQ7EOsvhI3CfAXwzPfO8Qwuxd40nepsYKqyyVQnTdEfv68q91yLcKrQ==}
    peerDependencies:
      '@types/react': ^18.0.0

  '@types/react@18.3.28':
    resolution: {integrity: sha512-z9VXpC7MWrhfWipitjNdgCauoMLRdIILQsAEV+ZesIzBq/oUlxk0m3ApZuMFCXdnS4U7KrI+l3WRUEGQ8K1QKw==}

  '@vercel/analytics@2.0.1':
    resolution: {integrity: sha512-MTQG6V9qQrt1tsDeF+2Uoo5aPjqbVPys1xvnIftXSJYG2SrwXRHnqEvVoYID7BTruDz4lCd2Z7rM1BdkUehk2g==}
    peerDependencies:
      '@remix-run/react': ^2
      '@sveltejs/kit': ^1 || ^2
      next: '>= 13'
      nuxt: '>= 3'
      react: ^18 || ^19 || ^19.0.0-rc
      svelte: '>= 4'
      vue: ^3
      vue-router: ^4
    peerDependenciesMeta:
      '@remix-run/react':
        optional: true
      '@sveltejs/kit':
        optional: true
      next:
        optional: true
      nuxt:
        optional: true
      react:
        optional: true
      svelte:
        optional: true
      vue:
        optional: true
      vue-router:
        optional: true

  '@vercel/speed-insights@2.0.0':
    resolution: {integrity: sha512-jwkNcrTeafWxjmWq4AHBaptSqZiJkYU5adLC9QBSqeim0GcqDMgN5Ievh8OG1rJ6W3A4l1oiP7qr9CWxGuzu3w==}
    peerDependencies:
      '@sveltejs/kit': ^1 || ^2
      next: '>= 13'
      nuxt: '>= 3'
      react: ^18 || ^19 || ^19.0.0-rc
      svelte: '>= 4'
      vue: ^3
      vue-router: ^4
    peerDependenciesMeta:
      '@sveltejs/kit':
        optional: true
      next:
        optional: true
      nuxt:
        optional: true
      react:
        optional: true
      svelte:
        optional: true
      vue:
        optional: true
      vue-router:
        optional: true

  better-auth@1.6.2:
    resolution: {integrity: sha512-5nqDAIj5xexmnk+GjjdrBknJCabi1mlvsVWJbxs4usHreao4vNdxIxINWDzCyDF9iDR1ildRZdXWSiYPAvTHhA==}
    peerDependencies:
      '@lynx-js/react': '*'
      '@prisma/client': ^5.0.0 || ^6.0.0 || ^7.0.0
      '@sveltejs/kit': ^2.0.0
      '@tanstack/react-start': ^1.0.0
      '@tanstack/solid-start': ^1.0.0
      better-sqlite3: ^12.0.0
      drizzle-kit: '>=0.31.4'
      drizzle-orm: '>=0.41.0'
      mongodb: ^6.0.0 || ^7.0.0
      mysql2: ^3.0.0
      next: ^14.0.0 || ^15.0.0 || ^16.0.0
      pg: ^8.0.0
      prisma: ^5.0.0 || ^6.0.0 || ^7.0.0
      react: ^18.0.0 || ^19.0.0
      react-dom: ^18.0.0 || ^19.0.0
      solid-js: ^1.0.0
      svelte: ^4.0.0 || ^5.0.0
      vitest: ^2.0.0 || ^3.0.0 || ^4.0.0
      vue: ^3.0.0
    peerDependenciesMeta:
      '@lynx-js/react':
        optional: true
      '@prisma/client':
        optional: true
      '@sveltejs/kit':
        optional: true
      '@tanstack/react-start':
        optional: true
      '@tanstack/solid-start':
        optional: true
      better-sqlite3:
        optional: true
      drizzle-kit:
        optional: true
      drizzle-orm:
        optional: true
      mongodb:
        optional: true
      mysql2:
        optional: true
      next:
        optional: true
      pg:
        optional: true
      prisma:
        optional: true
      react:
        optional: true
      react-dom:
        optional: true
      solid-js:
        optional: true
      svelte:
        optional: true
      vitest:
        optional: true
      vue:
        optional: true

  better-call@1.3.5:
    resolution: {integrity: sha512-kOFJkBP7utAQLEYrobZm3vkTH8mXq5GNgvjc5/XEST1ilVHaxXUXfeDeFlqoETMtyqS4+3/h4ONX2i++ebZrvA==}
    peerDependencies:
      zod: ^4.0.0
    peerDependenciesMeta:
      zod:
        optional: true

  busboy@1.6.0:
    resolution: {integrity: sha512-8SFQbg/0hQ9xy3UNTB0YEnsNBbWfhf7RtnzpL7TkBiTBRfrQ9Fxcnz7VJsleJpyp6rVLvXiuORqjlHi5q+PYuA==}
    engines: {node: '>=10.16.0'}

  caniuse-lite@1.0.30001787:
    resolution: {integrity: sha512-mNcrMN9KeI68u7muanUpEejSLghOKlVhRqS/Za2IeyGllJ9I9otGpR9g3nsw7n4W378TE/LyIteA0+/FOZm4Kg==}

  client-only@0.0.1:
    resolution: {integrity: sha512-IV3Ou0jSMzZrd3pZ48nLkT9DA7Ag1pnPzaiQhpW7c3RbcqqzvzzVu+L8gfqMp/8IM2MQtSiqaCxrrcfu8I8rMA==}

  csstype@3.2.3:
    resolution: {integrity: sha512-z1HGKcYy2xA8AGQfwrn0PAy+PB7X/GSj3UVJW9qKyn43xWa+gl5nXmU4qqLMRzWVLFC8KusUX8T/0kCiOYpAIQ==}

  defu@6.1.7:
    resolution: {integrity: sha512-7z22QmUWiQ/2d0KkdYmANbRUVABpZ9SNYyH5vx6PZ+nE5bcC0l7uFvEfHlyld/HcGBFTL536ClDt3DEcSlEJAQ==}

  graceful-fs@4.2.11:
    resolution: {integrity: sha512-RbJ5/jmFcNNCcDV5o9eTnBLJ/HszWV0P73bc+Ff4nS/rJj+YaS6IGyiOL0VoBYX+l1Wrl3k63h/KrH+nhJ0XvQ==}

  jose@6.2.2:
    resolution: {integrity: sha512-d7kPDd34KO/YnzaDOlikGpOurfF0ByC2sEV4cANCtdqLlTfBlw2p14O/5d/zv40gJPbIQxfES3nSx1/oYNyuZQ==}

  js-tokens@4.0.0:
    resolution: {integrity: sha512-RdJUflcE3cUzKiMqQgsCu06FPu9UdIJO0beYbPhHN4k6apgJtifcoCtT9bcxOpYBtpD2kCM6Sbzg4CausW/PKQ==}

  kysely@0.28.15:
    resolution: {integrity: sha512-r2clcf7HLWvDXaVUEvQymXJY4i3bSOIV3xsL/Upy3ZfSv5HeKsk9tsqbBptLvth5qHEIhxeHTA2jNLyQABkLBA==}
    engines: {node: '>=20.0.0'}

  loose-envify@1.4.0:
    resolution: {integrity: sha512-lyuxPGr/Wfhrlem2CL/UcnUc1zcqKAImBDzukY7Y5F/yQiNdko6+fRLevlw1HgMySw7f611UIY408EtxRSoK3Q==}
    hasBin: true

  lucide-react@1.8.0:
    resolution: {integrity: sha512-WuvlsjngSk7TnTBJ1hsCy3ql9V9VOdcPkd3PKcSmM34vJD8KG6molxz7m7zbYFgICwsanQWmJ13JlYs4Zp7Arw==}
    peerDependencies:
      react: ^16.5.1 || ^17.0.0 || ^18.0.0 || ^19.0.0

  nanoid@3.3.11:
    resolution: {integrity: sha512-N8SpfPUnUp1bK+PMYW8qSWdl9U+wwNWI4QKxOYDy9JAro3WMX7p2OeVRF9v+347pnakNevPmiHhNmZ2HbFA76w==}
    engines: {node: ^10 || ^12 || ^13.7 || ^14 || >=15.0.1}
    hasBin: true

  nanostores@1.2.0:
    resolution: {integrity: sha512-F0wCzbsH80G7XXo0Jd9/AVQC7ouWY6idUCTnMwW5t/Rv9W8qmO6endavDwg7TNp5GbugwSukFMVZqzPSrSMndg==}
    engines: {node: ^20.0.0 || >=22.0.0}

  next@14.2.3:
    resolution: {integrity: sha512-dowFkFTR8v79NPJO4QsBUtxv0g9BrS/phluVpMAt2ku7H+cbcBJlopXjkWlwxrk/xGqMemr7JkGPGemPrLLX7A==}
    engines: {node: '>=18.17.0'}
    deprecated: This version has a security vulnerability. Please upgrade to a patched version. See https://nextjs.org/blog/security-update-2025-12-11 for more details.
    hasBin: true
    peerDependencies:
      '@opentelemetry/api': ^1.1.0
      '@playwright/test': ^1.41.2
      react: ^18.2.0
      react-dom: ^18.2.0
      sass: ^1.3.0
    peerDependenciesMeta:
      '@opentelemetry/api':
        optional: true
      '@playwright/test':
        optional: true
      sass:
        optional: true

  pg-cloudflare@1.3.0:
    resolution: {integrity: sha512-6lswVVSztmHiRtD6I8hw4qP/nDm1EJbKMRhf3HCYaqud7frGysPv7FYJ5noZQdhQtN2xJnimfMtvQq21pdbzyQ==}

  pg-connection-string@2.12.0:
    resolution: {integrity: sha512-U7qg+bpswf3Cs5xLzRqbXbQl85ng0mfSV/J0nnA31MCLgvEaAo7CIhmeyrmJpOr7o+zm0rXK+hNnT5l9RHkCkQ==}

  pg-int8@1.0.1:
    resolution: {integrity: sha512-WCtabS6t3c8SkpDBUlb1kjOs7l66xsGdKpIPZsg4wR+B3+u9UAum2odSsF9tnvxg80h4ZxLWMy4pRjOsFIqQpw==}
    engines: {node: '>=4.0.0'}

  pg-pool@3.13.0:
    resolution: {integrity: sha512-gB+R+Xud1gLFuRD/QgOIgGOBE2KCQPaPwkzBBGC9oG69pHTkhQeIuejVIk3/cnDyX39av2AxomQiyPT13WKHQA==}
    peerDependencies:
      pg: '>=8.0'

  pg-protocol@1.13.0:
    resolution: {integrity: sha512-zzdvXfS6v89r6v7OcFCHfHlyG/wvry1ALxZo4LqgUoy7W9xhBDMaqOuMiF3qEV45VqsN6rdlcehHrfDtlCPc8w==}

  pg-types@2.2.0:
    resolution: {integrity: sha512-qTAAlrEsl8s4OiEQY69wDvcMIdQN6wdz5ojQiOy6YRMuynxenON0O5oCpJI6lshc6scgAY8qvJ2On/p+CXY0GA==}
    engines: {node: '>=4'}

  pg@8.20.0:
    resolution: {integrity: sha512-ldhMxz2r8fl/6QkXnBD3CR9/xg694oT6DZQ2s6c/RI28OjtSOpxnPrUCGOBJ46RCUxcWdx3p6kw/xnDHjKvaRA==}
    engines: {node: '>= 16.0.0'}
    peerDependencies:
      pg-native: '>=3.0.1'
    peerDependenciesMeta:
      pg-native:
        optional: true

  pgpass@1.0.5:
    resolution: {integrity: sha512-FdW9r/jQZhSeohs1Z3sI1yxFQNFvMcnmfuj4WBMUTxOrAyLMaTcE1aAMBiTlbMNaXvBCQuVi0R7hd8udDSP7ug==}

  picocolors@1.1.1:
    resolution: {integrity: sha512-xceH2snhtb5M9liqDsmEw56le376mTZkEX/jEb/RxNFyegNul7eNslCXP9FDj/Lcu0X8KEyMceP2ntpaHrDEVA==}

  postcss@8.4.31:
    resolution: {integrity: sha512-PS08Iboia9mts/2ygV3eLpY5ghnUcfLV/EXTOW1E2qYxJKGGBUtNjN76FYHnMs36RmARn41bC0AZmn+rR0OVpQ==}
    engines: {node: ^10 || ^12 || >=14}

  postgres-array@2.0.0:
    resolution: {integrity: sha512-VpZrUqU5A69eQyW2c5CA1jtLecCsN2U/bD6VilrFDWq5+5UIEVO7nazS3TEcHf1zuPYO/sqGvUvW62g86RXZuA==}
    engines: {node: '>=4'}

  postgres-bytea@1.0.1:
    resolution: {integrity: sha512-5+5HqXnsZPE65IJZSMkZtURARZelel2oXUEO8rH83VS/hxH5vv1uHquPg5wZs8yMAfdv971IU+kcPUczi7NVBQ==}
    engines: {node: '>=0.10.0'}

  postgres-date@1.0.7:
    resolution: {integrity: sha512-suDmjLVQg78nMK2UZ454hAG+OAW+HQPZ6n++TNDUX+L0+uUlLywnoxJKDou51Zm+zTCjrCl0Nq6J9C5hP9vK/Q==}
    engines: {node: '>=0.10.0'}

  postgres-interval@1.2.0:
    resolution: {integrity: sha512-9ZhXKM/rw350N1ovuWHbGxnGh/SNJ4cnxHiM0rxE4VN41wsg8P8zWn9hv/buK00RP4WvlOyr/RBDiptyxVbkZQ==}
    engines: {node: '>=0.10.0'}

  react-dom@18.3.1:
    resolution: {integrity: sha512-5m4nQKp+rZRb09LNH59GM4BxTh9251/ylbKIbpe7TpGxfJ+9kv6BLkLBXIjjspbgbnIBNqlI23tRnTWT0snUIw==}
    peerDependencies:
      react: ^18.3.1

  react@18.3.1:
    resolution: {integrity: sha512-wS+hAgJShR0KhEvPJArfuPVN1+Hz1t0Y6n5jLrGQbkb4urgPE/0Rve+1kMB1v/oWgHgm4WIcV+i7F2pTVj+2iQ==}
    engines: {node: '>=0.10.0'}

  rou3@0.7.12:
    resolution: {integrity: sha512-iFE4hLDuloSWcD7mjdCDhx2bKcIsYbtOTpfH5MHHLSKMOUyjqQXTeZVa289uuwEGEKFoE/BAPbhaU4B774nceg==}

  scheduler@0.23.2:
    resolution: {integrity: sha512-UOShsPwz7NrMUqhR6t0hWjFduvOzbtv7toDH1/hIrfRNIDBnnBWd0CwJTGvTpngVlmwGCdP9/Zl/tVrDqcuYzQ==}

  set-cookie-parser@3.1.0:
    resolution: {integrity: sha512-kjnC1DXBHcxaOaOXBHBeRtltsDG2nUiUni+jP92M9gYdW12rsmx92UsfpH7o5tDRs7I1ZZPSQJQGv3UaRfCiuw==}

  source-map-js@1.2.1:
    resolution: {integrity: sha512-UXWMKhLOwVKb728IUtQPXxfYU+usdybtUrK/8uGE8CQMvrhOpwvzDBwj0QhSL7MQc7vIsISBG8VQ8+IDQxpfQA==}
    engines: {node: '>=0.10.0'}

  split2@4.2.0:
    resolution: {integrity: sha512-UcjcJOWknrNkF6PLX83qcHM6KHgVKNkV62Y8a5uYDVv9ydGQVwAHMKqHdJje1VTWpljG0WYpCDhrCdAOYH4TWg==}
    engines: {node: '>= 10.x'}

  streamsearch@1.1.0:
    resolution: {integrity: sha512-Mcc5wHehp9aXz1ax6bZUyY5afg9u2rv5cqQI3mRrYkGC8rW2hM02jWuwjtL++LS5qinSyhj2QfLyNsuc+VsExg==}
    engines: {node: '>=10.0.0'}

  styled-jsx@5.1.1:
    resolution: {integrity: sha512-pW7uC1l4mBZ8ugbiZrcIsiIvVx1UmTfw7UkC3Um2tmfUq9Bhk8IiyEIPl6F8agHgjzku6j0xQEZbfA5uSgSaCw==}
    engines: {node: '>= 12.0.0'}
    peerDependencies:
      '@babel/core': '*'
      babel-plugin-macros: '*'
      react: '>= 16.8.0 || 17.x.x || ^18.0.0-0'
    peerDependenciesMeta:
      '@babel/core':
        optional: true
      babel-plugin-macros:
        optional: true

  tslib@2.8.1:
    resolution: {integrity: sha512-oJFu94HQb+KVduSUQL7wnpmqnfmLsOA/nAh6b6EH0wCEoK0/mPeXU6c3wKDV83MkOuHPRHtSXKKU99IBazS/2w==}

  typescript@5.9.3:
    resolution: {integrity: sha512-jl1vZzPDinLr9eUt3J/t7V6FgNEw9QjvBPdysz9KfQDD41fQrC2Y4vKQdiaUpFT4bXlb1RHhLpp8wtm6M5TgSw==}
    engines: {node: '>=14.17'}
    hasBin: true

  undici-types@6.21.0:
    resolution: {integrity: sha512-iwDZqg0QAGrg9Rav5H4n0M64c3mkR59cJ6wQp+7C4nI0gsmExaedaYLNO44eT4AtBBwjbTiGPMlt2Md0T9H9JQ==}

  use-sync-external-store@1.6.0:
    resolution: {integrity: sha512-Pp6GSwGP/NrPIrxVFAIkOQeyw8lFenOHijQWkUTrDvrF4ALqylP2C/KCkeS9dpUM3KvYRQhna5vt7IL95+ZQ9w==}
    peerDependencies:
      react: ^16.8.0 || ^17.0.0 || ^18.0.0 || ^19.0.0

  xtend@4.0.2:
    resolution: {integrity: sha512-LKYU1iAXJXUgAXn9URjiu+MWhyUXHsvfp7mcuYm9dSUKK0/CjtrUwFAxD82/mCWbtLsGjFIad0wIsod4zrTAEQ==}
    engines: {node: '>=0.4'}

  zod@4.3.6:
    resolution: {integrity: sha512-rftlrkhHZOcjDwkGlnUtZZkvaPHCsDATp4pGpuOOMDaTdDDXF91wuVDJoWoPsKX/3YPQ5fHuF3STjcYyKr+Qhg==}

  zustand@4.5.7:
    resolution: {integrity: sha512-CHOUy7mu3lbD6o6LJLfllpjkzhHXSBlX8B9+qPddUsIfeF5S/UZ5q0kmCsnRqT1UHFQZchNFDDzMbQsuesHWlw==}
    engines: {node: '>=12.7.0'}
    peerDependencies:
      '@types/react': '>=16.8'
      immer: '>=9.0.6'
      react: '>=16.8'
    peerDependenciesMeta:
      '@types/react':
        optional: true
      immer:
        optional: true
      react:
        optional: true

snapshots:

  '@better-auth/core@1.6.2(@better-auth/utils@0.4.0)(@better-fetch/fetch@1.1.21)(@opentelemetry/api@1.9.1)(better-call@1.3.5(zod@4.3.6))(jose@6.2.2)(kysely@0.28.15)(nanostores@1.2.0)':
    dependencies:
      '@better-auth/utils': 0.4.0
      '@better-fetch/fetch': 1.1.21
      '@opentelemetry/api': 1.9.1
      '@opentelemetry/semantic-conventions': 1.40.0
      '@standard-schema/spec': 1.1.0
      better-call: 1.3.5(zod@4.3.6)
      jose: 6.2.2
      kysely: 0.28.15
      nanostores: 1.2.0
      zod: 4.3.6

  '@better-auth/drizzle-adapter@1.6.2(@better-auth/core@1.6.2(@better-auth/utils@0.4.0)(@better-fetch/fetch@1.1.21)(@opentelemetry/api@1.9.1)(better-call@1.3.5(zod@4.3.6))(jose@6.2.2)(kysely@0.28.15)(nanostores@1.2.0))(@better-auth/utils@0.4.0)':
    dependencies:
      '@better-auth/core': 1.6.2(@better-auth/utils@0.4.0)(@better-fetch/fetch@1.1.21)(@opentelemetry/api@1.9.1)(better-call@1.3.5(zod@4.3.6))(jose@6.2.2)(kysely@0.28.15)(nanostores@1.2.0)
      '@better-auth/utils': 0.4.0

  '@better-auth/kysely-adapter@1.6.2(@better-auth/core@1.6.2(@better-auth/utils@0.4.0)(@better-fetch/fetch@1.1.21)(@opentelemetry/api@1.9.1)(better-call@1.3.5(zod@4.3.6))(jose@6.2.2)(kysely@0.28.15)(nanostores@1.2.0))(@better-auth/utils@0.4.0)(kysely@0.28.15)':
    dependencies:
      '@better-auth/core': 1.6.2(@better-auth/utils@0.4.0)(@better-fetch/fetch@1.1.21)(@opentelemetry/api@1.9.1)(better-call@1.3.5(zod@4.3.6))(jose@6.2.2)(kysely@0.28.15)(nanostores@1.2.0)
      '@better-auth/utils': 0.4.0
    optionalDependencies:
      kysely: 0.28.15

  '@better-auth/memory-adapter@1.6.2(@better-auth/core@1.6.2(@better-auth/utils@0.4.0)(@better-fetch/fetch@1.1.21)(@opentelemetry/api@1.9.1)(better-call@1.3.5(zod@4.3.6))(jose@6.2.2)(kysely@0.28.15)(nanostores@1.2.0))(@better-auth/utils@0.4.0)':
    dependencies:
      '@better-auth/core': 1.6.2(@better-auth/utils@0.4.0)(@better-fetch/fetch@1.1.21)(@opentelemetry/api@1.9.1)(better-call@1.3.5(zod@4.3.6))(jose@6.2.2)(kysely@0.28.15)(nanostores@1.2.0)
      '@better-auth/utils': 0.4.0

  '@better-auth/mongo-adapter@1.6.2(@better-auth/core@1.6.2(@better-auth/utils@0.4.0)(@better-fetch/fetch@1.1.21)(@opentelemetry/api@1.9.1)(better-call@1.3.5(zod@4.3.6))(jose@6.2.2)(kysely@0.28.15)(nanostores@1.2.0))(@better-auth/utils@0.4.0)':
    dependencies:
      '@better-auth/core': 1.6.2(@better-auth/utils@0.4.0)(@better-fetch/fetch@1.1.21)(@opentelemetry/api@1.9.1)(better-call@1.3.5(zod@4.3.6))(jose@6.2.2)(kysely@0.28.15)(nanostores@1.2.0)
      '@better-auth/utils': 0.4.0

  '@better-auth/prisma-adapter@1.6.2(@better-auth/core@1.6.2(@better-auth/utils@0.4.0)(@better-fetch/fetch@1.1.21)(@opentelemetry/api@1.9.1)(better-call@1.3.5(zod@4.3.6))(jose@6.2.2)(kysely@0.28.15)(nanostores@1.2.0))(@better-auth/utils@0.4.0)':
    dependencies:
      '@better-auth/core': 1.6.2(@better-auth/utils@0.4.0)(@better-fetch/fetch@1.1.21)(@opentelemetry/api@1.9.1)(better-call@1.3.5(zod@4.3.6))(jose@6.2.2)(kysely@0.28.15)(nanostores@1.2.0)
      '@better-auth/utils': 0.4.0

  '@better-auth/telemetry@1.6.2(@better-auth/core@1.6.2(@better-auth/utils@0.4.0)(@better-fetch/fetch@1.1.21)(@opentelemetry/api@1.9.1)(better-call@1.3.5(zod@4.3.6))(jose@6.2.2)(kysely@0.28.15)(nanostores@1.2.0))(@better-auth/utils@0.4.0)(@better-fetch/fetch@1.1.21)':
    dependencies:
      '@better-auth/core': 1.6.2(@better-auth/utils@0.4.0)(@better-fetch/fetch@1.1.21)(@opentelemetry/api@1.9.1)(better-call@1.3.5(zod@4.3.6))(jose@6.2.2)(kysely@0.28.15)(nanostores@1.2.0)
      '@better-auth/utils': 0.4.0
      '@better-fetch/fetch': 1.1.21

  '@better-auth/utils@0.4.0':
    dependencies:
      '@noble/hashes': 2.0.1

  '@better-fetch/fetch@1.1.21': {}

  '@next/env@14.2.3': {}

  '@next/swc-darwin-arm64@14.2.3':
    optional: true

  '@next/swc-darwin-x64@14.2.3':
    optional: true

  '@next/swc-linux-arm64-gnu@14.2.3':
    optional: true

  '@next/swc-linux-arm64-musl@14.2.3':
    optional: true

  '@next/swc-linux-x64-gnu@14.2.3':
    optional: true

  '@next/swc-linux-x64-musl@14.2.3':
    optional: true

  '@next/swc-win32-arm64-msvc@14.2.3':
    optional: true

  '@next/swc-win32-ia32-msvc@14.2.3':
    optional: true

  '@next/swc-win32-x64-msvc@14.2.3':
    optional: true

  '@noble/ciphers@2.1.1': {}

  '@noble/hashes@2.0.1': {}

  '@opentelemetry/api@1.9.1': {}

  '@opentelemetry/semantic-conventions@1.40.0': {}

  '@standard-schema/spec@1.1.0': {}

  '@swc/counter@0.1.3': {}

  '@swc/helpers@0.5.5':
    dependencies:
      '@swc/counter': 0.1.3
      tslib: 2.8.1

  '@types/node@20.19.39':
    dependencies:
      undici-types: 6.21.0

  '@types/pg@8.20.0':
    dependencies:
      '@types/node': 20.19.39
      pg-protocol: 1.13.0
      pg-types: 2.2.0

  '@types/prop-types@15.7.15': {}

  '@types/react-dom@18.3.7(@types/react@18.3.28)':
    dependencies:
      '@types/react': 18.3.28

  '@types/react@18.3.28':
    dependencies:
      '@types/prop-types': 15.7.15
      csstype: 3.2.3

  '@vercel/analytics@2.0.1(next@14.2.3(@opentelemetry/api@1.9.1)(react-dom@18.3.1(react@18.3.1))(react@18.3.1))(react@18.3.1)':
    optionalDependencies:
      next: 14.2.3(@opentelemetry/api@1.9.1)(react-dom@18.3.1(react@18.3.1))(react@18.3.1)
      react: 18.3.1

  '@vercel/speed-insights@2.0.0(next@14.2.3(@opentelemetry/api@1.9.1)(react-dom@18.3.1(react@18.3.1))(react@18.3.1))(react@18.3.1)':
    optionalDependencies:
      next: 14.2.3(@opentelemetry/api@1.9.1)(react-dom@18.3.1(react@18.3.1))(react@18.3.1)
      react: 18.3.1

  better-auth@1.6.2(@opentelemetry/api@1.9.1)(next@14.2.3(@opentelemetry/api@1.9.1)(react-dom@18.3.1(react@18.3.1))(react@18.3.1))(pg@8.20.0)(react-dom@18.3.1(react@18.3.1))(react@18.3.1):
    dependencies:
      '@better-auth/core': 1.6.2(@better-auth/utils@0.4.0)(@better-fetch/fetch@1.1.21)(@opentelemetry/api@1.9.1)(better-call@1.3.5(zod@4.3.6))(jose@6.2.2)(kysely@0.28.15)(nanostores@1.2.0)
      '@better-auth/drizzle-adapter': 1.6.2(@better-auth/core@1.6.2(@better-auth/utils@0.4.0)(@better-fetch/fetch@1.1.21)(@opentelemetry/api@1.9.1)(better-call@1.3.5(zod@4.3.6))(jose@6.2.2)(kysely@0.28.15)(nanostores@1.2.0))(@better-auth/utils@0.4.0)
      '@better-auth/kysely-adapter': 1.6.2(@better-auth/core@1.6.2(@better-auth/utils@0.4.0)(@better-fetch/fetch@1.1.21)(@opentelemetry/api@1.9.1)(better-call@1.3.5(zod@4.3.6))(jose@6.2.2)(kysely@0.28.15)(nanostores@1.2.0))(@better-auth/utils@0.4.0)(kysely@0.28.15)
      '@better-auth/memory-adapter': 1.6.2(@better-auth/core@1.6.2(@better-auth/utils@0.4.0)(@better-fetch/fetch@1.1.21)(@opentelemetry/api@1.9.1)(better-call@1.3.5(zod@4.3.6))(jose@6.2.2)(kysely@0.28.15)(nanostores@1.2.0))(@better-auth/utils@0.4.0)
      '@better-auth/mongo-adapter': 1.6.2(@better-auth/core@1.6.2(@better-auth/utils@0.4.0)(@better-fetch/fetch@1.1.21)(@opentelemetry/api@1.9.1)(better-call@1.3.5(zod@4.3.6))(jose@6.2.2)(kysely@0.28.15)(nanostores@1.2.0))(@better-auth/utils@0.4.0)
      '@better-auth/prisma-adapter': 1.6.2(@better-auth/core@1.6.2(@better-auth/utils@0.4.0)(@better-fetch/fetch@1.1.21)(@opentelemetry/api@1.9.1)(better-call@1.3.5(zod@4.3.6))(jose@6.2.2)(kysely@0.28.15)(nanostores@1.2.0))(@better-auth/utils@0.4.0)
      '@better-auth/telemetry': 1.6.2(@better-auth/core@1.6.2(@better-auth/utils@0.4.0)(@better-fetch/fetch@1.1.21)(@opentelemetry/api@1.9.1)(better-call@1.3.5(zod@4.3.6))(jose@6.2.2)(kysely@0.28.15)(nanostores@1.2.0))(@better-auth/utils@0.4.0)(@better-fetch/fetch@1.1.21)
      '@better-auth/utils': 0.4.0
      '@better-fetch/fetch': 1.1.21
      '@noble/ciphers': 2.1.1
      '@noble/hashes': 2.0.1
      better-call: 1.3.5(zod@4.3.6)
      defu: 6.1.7
      jose: 6.2.2
      kysely: 0.28.15
      nanostores: 1.2.0
      zod: 4.3.6
    optionalDependencies:
      next: 14.2.3(@opentelemetry/api@1.9.1)(react-dom@18.3.1(react@18.3.1))(react@18.3.1)
      pg: 8.20.0
      react: 18.3.1
      react-dom: 18.3.1(react@18.3.1)
    transitivePeerDependencies:
      - '@cloudflare/workers-types'
      - '@opentelemetry/api'

  better-call@1.3.5(zod@4.3.6):
    dependencies:
      '@better-auth/utils': 0.4.0
      '@better-fetch/fetch': 1.1.21
      rou3: 0.7.12
      set-cookie-parser: 3.1.0
    optionalDependencies:
      zod: 4.3.6

  busboy@1.6.0:
    dependencies:
      streamsearch: 1.1.0

  caniuse-lite@1.0.30001787: {}

  client-only@0.0.1: {}

  csstype@3.2.3: {}

  defu@6.1.7: {}

  graceful-fs@4.2.11: {}

  jose@6.2.2: {}

  js-tokens@4.0.0: {}

  kysely@0.28.15: {}

  loose-envify@1.4.0:
    dependencies:
      js-tokens: 4.0.0

  lucide-react@1.8.0(react@18.3.1):
    dependencies:
      react: 18.3.1

  nanoid@3.3.11: {}

  nanostores@1.2.0: {}

  next@14.2.3(@opentelemetry/api@1.9.1)(react-dom@18.3.1(react@18.3.1))(react@18.3.1):
    dependencies:
      '@next/env': 14.2.3
      '@swc/helpers': 0.5.5
      busboy: 1.6.0
      caniuse-lite: 1.0.30001787
      graceful-fs: 4.2.11
      postcss: 8.4.31
      react: 18.3.1
      react-dom: 18.3.1(react@18.3.1)
      styled-jsx: 5.1.1(react@18.3.1)
    optionalDependencies:
      '@next/swc-darwin-arm64': 14.2.3
      '@next/swc-darwin-x64': 14.2.3
      '@next/swc-linux-arm64-gnu': 14.2.3
      '@next/swc-linux-arm64-musl': 14.2.3
      '@next/swc-linux-x64-gnu': 14.2.3
      '@next/swc-linux-x64-musl': 14.2.3
      '@next/swc-win32-arm64-msvc': 14.2.3
      '@next/swc-win32-ia32-msvc': 14.2.3
      '@next/swc-win32-x64-msvc': 14.2.3
      '@opentelemetry/api': 1.9.1
    transitivePeerDependencies:
      - '@babel/core'
      - babel-plugin-macros

  pg-cloudflare@1.3.0:
    optional: true

  pg-connection-string@2.12.0: {}

  pg-int8@1.0.1: {}

  pg-pool@3.13.0(pg@8.20.0):
    dependencies:
      pg: 8.20.0

  pg-protocol@1.13.0: {}

  pg-types@2.2.0:
    dependencies:
      pg-int8: 1.0.1
      postgres-array: 2.0.0
      postgres-bytea: 1.0.1
      postgres-date: 1.0.7
      postgres-interval: 1.2.0

  pg@8.20.0:
    dependencies:
      pg-connection-string: 2.12.0
      pg-pool: 3.13.0(pg@8.20.0)
      pg-protocol: 1.13.0
      pg-types: 2.2.0
      pgpass: 1.0.5
    optionalDependencies:
      pg-cloudflare: 1.3.0

  pgpass@1.0.5:
    dependencies:
      split2: 4.2.0

  picocolors@1.1.1: {}

  postcss@8.4.31:
    dependencies:
      nanoid: 3.3.11
      picocolors: 1.1.1
      source-map-js: 1.2.1

  postgres-array@2.0.0: {}

  postgres-bytea@1.0.1: {}

  postgres-date@1.0.7: {}

  postgres-interval@1.2.0:
    dependencies:
      xtend: 4.0.2

  react-dom@18.3.1(react@18.3.1):
    dependencies:
      loose-envify: 1.4.0
      react: 18.3.1
      scheduler: 0.23.2

  react@18.3.1:
    dependencies:
      loose-envify: 1.4.0

  rou3@0.7.12: {}

  scheduler@0.23.2:
    dependencies:
      loose-envify: 1.4.0

  set-cookie-parser@3.1.0: {}

  source-map-js@1.2.1: {}

  split2@4.2.0: {}

  streamsearch@1.1.0: {}

  styled-jsx@5.1.1(react@18.3.1):
    dependencies:
      client-only: 0.0.1
      react: 18.3.1

  tslib@2.8.1: {}

  typescript@5.9.3: {}

  undici-types@6.21.0: {}

  use-sync-external-store@1.6.0(react@18.3.1):
    dependencies:
      react: 18.3.1

  xtend@4.0.2: {}

  zod@4.3.6: {}

  zustand@4.5.7(@types/react@18.3.28)(react@18.3.1):
    dependencies:
      use-sync-external-store: 1.6.0(react@18.3.1)
    optionalDependencies:
      '@types/react': 18.3.28
      react: 18.3.1
